
Microsoft Visual Studio Solution File, Format Version 12.00
# Visual Studio Version 17
VisualStudioVersion = 17.9.34728.123
MinimumVisualStudioVersion = 10.0.40219.1
Project("{FAE04EC0-301F-11D3-BF4B-00C04F79EFBC}") = "MyBlogAPI", "MyBlogAPI.csproj", "{512972F0-993D-4B64-8BFE-1B7DBA95922C}"
EndProject
Global
	GlobalSection(SolutionConfigurationPlatforms) = preSolution
		Debug|Any CPU = Debug|Any CPU
		Release|Any CPU = Release|Any CPU
	EndGlobalSection
	GlobalSection(ProjectConfigurationPlatforms) = postSolution
		{512972F0-993D-4B64-8BFE-1B7DBA95922C}.Debug|Any CPU.ActiveCfg = Debug|Any CPU
		{512972F0-993D-4B64-8BFE-1B7DBA95922C}.Debug|Any CPU.Build.0 = Debug|Any CPU
		{512972F0-993D-4B64-8BFE-1B7DBA95922C}.Release|Any CPU.ActiveCfg = Release|Any CPU
		{512972F0-993D-4B64-8BFE-1B7DBA95922C}.Release|Any CPU.Build.0 = Release|Any CPU
	EndGlobalSection
	GlobalSection(SolutionProperties) = preSolution
		HideSolutionNode = FALSE
	EndGlobalSection
	GlobalSection(ExtensibilityGlobals) = postSolution
		SolutionGuid = {BEAFEAB5-88FC-4F95-9815-CE2F2A016F66}
	EndGlobalSection
EndGlobal
